// !$*UTF8*$!
{
	archiveVersion = 1;
	classes = {
	};
	objectVersion = 56;
	objects = {

/* Begin PBXBuildFile section */
		C4F8C0FE29A3857400E71662 /* SwiftUIWithMVVMApp.swift in Sources */ = {isa = PBXBuildFile; fileRef = C4F8C0FD29A3857400E71662 /* SwiftUIWithMVVMApp.swift */; };
		C4F8C10029A3857400E71662 /* ContentView.swift in Sources */ = {isa = PBXBuildFile; fileRef = C4F8C0FF29A3857400E71662 /* ContentView.swift */; };
		C4F8C10229A3857500E71662 /* Assets.xcassets in Resources */ = {isa = PBXBuildFile; fileRef = C4F8C10129A3857500E71662 /* Assets.xcassets */; };
		C4F8C10529A3857500E71662 /* Preview Assets.xcassets in Resources */ = {isa = PBXBuildFile; fileRef = C4F8C10429A3857500E71662 /* Preview Assets.xcassets */; };
		C4F8C10F29A3857500E71662 /* SwiftUIWithMVVMTests.swift in Sources */ = {isa = PBXBuildFile; fileRef = C4F8C10E29A3857500E71662 /* SwiftUIWithMVVMTests.swift */; };
		C4F8C11929A3857500E71662 /* SwiftUIWithMVVMUITests.swift in Sources */ = {isa = PBXBuildFile; fileRef = C4F8C11829A3857500E71662 /* SwiftUIWithMVVMUITests.swift */; };
		C4F8C11B29A3857500E71662 /* SwiftUIWithMVVMUITestsLaunchTests.swift in Sources */ = {isa = PBXBuildFile; fileRef = C4F8C11A29A3857500E71662 /* SwiftUIWithMVVMUITestsLaunchTests.swift */; };
		C4F8C12829A3861100E71662 /* DataTaskView.swift in Sources */ = {isa = PBXBuildFile; fileRef = C4F8C12729A3861100E71662 /* DataTaskView.swift */; };
		C4F8C12A29A3862700E71662 /* DataTaskViewModel.swift in Sources */ = {isa = PBXBuildFile; fileRef = C4F8C12929A3862700E71662 /* DataTaskViewModel.swift */; };
/* End PBXBuildFile section */

/* Begin PBXContainerItemProxy section */
		C4F8C10B29A3857500E71662 /* PBXContainerItemProxy */ = {
			isa = PBXContainerItemProxy;
			containerPortal = C4F8C0F229A3857400E71662 /* Project object */;
			proxyType = 1;
			remoteGlobalIDString = C4F8C0F929A3857400E71662;
			remoteInfo = SwiftUIWithMVVM;
		};
		C4F8C11529A3857500E71662 /* PBXContainerItemProxy */ = {
			isa = PBXContainerItemProxy;
			containerPortal = C4F8C0F229A3857400E71662 /* Project object */;
			proxyType = 1;
			remoteGlobalIDString = C4F8C0F929A3857400E71662;
			remoteInfo = SwiftUIWithMVVM;
		};
/* End PBXContainerItemProxy section */

/* Begin PBXFileReference section */
		C4F8C0FA29A3857400E71662 /* SwiftUIWithMVVM.app */ = {isa = PBXFileReference; explicitFileType = wrapper.application; includeInIndex = 0; path = SwiftUIWithMVVM.app; sourceTree = BUILT_PRODUCTS_DIR; };
		C4F8C0FD29A3857400E71662 /* SwiftUIWithMVVMApp.swift */ = {isa = PBXFileReference; lastKnownFileType = sourcecode.swift; path = SwiftUIWithMVVMApp.swift; sourceTree = "<group>"; };
		C4F8C0FF29A3857400E71662 /* ContentView.swift */ = {isa = PBXFileReference; lastKnownFileType = sourcecode.swift; path = ContentView.swift; sourceTree = "<group>"; };
		C4F8C10129A3857500E71662 /* Assets.xcassets */ = {isa = PBXFileReference; lastKnownFileType = folder.assetcatalog; path = Assets.xcassets; sourceTree = "<group>"; };
		C4F8C10429A3857500E71662 /* Preview Assets.xcassets */ = {isa = PBXFileReference; lastKnownFileType = folder.assetcatalog; path = "Preview Assets.xcassets"; sourceTree = "<group>"; };
		C4F8C10A29A3857500E71662 /* SwiftUIWithMVVMTests.xctest */ = {isa = PBXFileReference; explicitFileType = wrapper.cfbundle; includeInIndex = 0; path = SwiftUIWithMVVMTests.xctest; sourceTree = BUILT_PRODUCTS_DIR; };
		C4F8C10E29A3857500E71662 /* SwiftUIWithMVVMTests.swift */ = {isa = PBXFileReference; lastKnownFileType = sourcecode.swift; path = SwiftUIWithMVVMTests.swift; sourceTree = "<group>"; };
		C4F8C11429A3857500E71662 /* SwiftUIWithMVVMUITests.xctest */ = {isa = PBXFileReference; explicitFileType = wrapper.cfbundle; includeInIndex = 0; path = SwiftUIWithMVVMUITests.xctest; sourceTree = BUILT_PRODUCTS_DIR; };
		C4F8C11829A3857500E71662 /* SwiftUIWithMVVMUITests.swift */ = {isa = PBXFileReference; lastKnownFileType = sourcecode.swift; path = SwiftUIWithMVVMUITests.swift; sourceTree = "<group>"; };
		C4F8C11A29A3857500E71662 /* SwiftUIWithMVVMUITestsLaunchTests.swift */ = {isa = PBXFileReference; lastKnownFileType = sourcecode.swift; path = SwiftUIWithMVVMUITestsLaunchTests.swift; sourceTree = "<group>"; };
		C4F8C12729A3861100E71662 /* DataTaskView.swift */ = {isa = PBXFileReference; lastKnownFileType = sourcecode.swift; path = DataTaskView.swift; sourceTree = "<group>"; };
		C4F8C12929A3862700E71662 /* DataTaskViewModel.swift */ = {isa = PBXFileReference; lastKnownFileType = sourcecode.swift; path = DataTaskViewModel.swift; sourceTree = "<group>"; };
/* End PBXFileReference section */

/* Begin PBXFrameworksBuildPhase section */
		C4F8C0F729A3857400E71662 /* Frameworks */ = {
			isa = PBXFrameworksBuildPhase;
			buildActionMask = 2147483647;
			files = (
			);
			runOnlyForDeploymentPostprocessing = 0;
		};
		C4F8C10729A3857500E71662 /* Frameworks */ = {
			isa = PBXFrameworksBuildPhase;
			buildActionMask = 2147483647;
			files = (
			);
			runOnlyForDeploymentPostprocessing = 0;
		};
		C4F8C11129A3857500E71662 /* Frameworks */ = {
			isa = PBXFrameworksBuildPhase;
			buildActionMask = 2147483647;
			files = (
			);
			runOnlyForDeploymentPostprocessing = 0;
		};
/* End PBXFrameworksBuildPhase section */

/* Begin PBXGroup section */
		C4F8C0F129A3857400E71662 = {
			isa = PBXGroup;
			children = (
				C4F8C0FC29A3857400E71662 /* SwiftUIWithMVVM */,
				C4F8C10D29A3857500E71662 /* SwiftUIWithMVVMTests */,
				C4F8C11729A3857500E71662 /* SwiftUIWithMVVMUITests */,
				C4F8C0FB29A3857400E71662 /* Products */,
			);
			sourceTree = "<group>";
		};
		C4F8C0FB29A3857400E71662 /* Products */ = {
			isa = PBXGroup;
			children = (
				C4F8C0FA29A3857400E71662 /* SwiftUIWithMVVM.app */,
				C4F8C10A29A3857500E71662 /* SwiftUIWithMVVMTests.xctest */,
				C4F8C11429A3857500E71662 /* SwiftUIWithMVVMUITests.xctest */,
			);
			name = Products;
			sourceTree = "<group>";
		};
		C4F8C0FC29A3857400E71662 /* SwiftUIWithMVVM */ = {
			isa = PBXGroup;
			children = (
				C4F8C0FD29A3857400E71662 /* SwiftUIWithMVVMApp.swift */,
				C4F8C0FF29A3857400E71662 /* ContentView.swift */,
				C4F8C10129A3857500E71662 /* Assets.xcassets */,
				C4F8C10329A3857500E71662 /* Preview Content */,
				C4F8C12729A3861100E71662 /* DataTaskView.swift */,
				C4F8C12929A3862700E71662 /* DataTaskViewModel.swift */,
			);
			path = SwiftUIWithMVVM;
			sourceTree = "<group>";
		};
		C4F8C10329A3857500E71662 /* Preview Content */ = {
			isa = PBXGroup;
			children = (
				C4F8C10429A3857500E71662 /* Preview Assets.xcassets */,
			);
			path = "Preview Content";
			sourceTree = "<group>";
		};
		C4F8C10D29A3857500E71662 /* SwiftUIWithMVVMTests */ = {
			isa = PBXGroup;
			children = (
				C4F8C10E29A3857500E71662 /* SwiftUIWithMVVMTests.swift */,
			);
			path = SwiftUIWithMVVMTests;
			sourceTree = "<group>";
		};
		C4F8C11729A3857500E71662 /* SwiftUIWithMVVMUITests */ = {
			isa = PBXGroup;
			children = (
				C4F8C11829A3857500E71662 /* SwiftUIWithMVVMUITests.swift */,
				C4F8C11A29A3857500E71662 /* SwiftUIWithMVVMUITestsLaunchTests.swift */,
			);
			path = SwiftUIWithMVVMUITests;
			sourceTree = "<group>";
		};
/* End PBXGroup section */

/* Begin PBXNativeTarget section */
		C4F8C0F929A3857400E71662 /* SwiftUIWithMVVM */ = {
			isa = PBXNativeTarget;
			buildConfigurationList = C4F8C11E29A3857500E71662 /* Build configuration list for PBXNativeTarget "SwiftUIWithMVVM" */;
			buildPhases = (
				C4F8C0F629A3857400E71662 /* Sources */,
				C4F8C0F729A3857400E71662 /* Frameworks */,
				C4F8C0F829A3857400E71662 /* Resources */,
			);
			buildRules = (
			);
			dependencies = (
			);
			name = SwiftUIWithMVVM;
			productName = SwiftUIWithMVVM;
			productReference = C4F8C0FA29A3857400E71662 /* SwiftUIWithMVVM.app */;
			productType = "com.apple.product-type.application";
		};
		C4F8C10929A3857500E71662 /* SwiftUIWithMVVMTests */ = {
			isa = PBXNativeTarget;
			buildConfigurationList = C4F8C12129A3857500E71662 /* Build configuration list for PBXNativeTarget "SwiftUIWithMVVMTests" */;
			buildPhases = (
				C4F8C10629A3857500E71662 /* Sources */,
				C4F8C10729A3857500E71662 /* Frameworks */,
				C4F8C10829A3857500E71662 /* Resources */,
			);
			buildRules = (
			);
			dependencies = (
				C4F8C10C29A3857500E71662 /* PBXTargetDependency */,
			);
			name = SwiftUIWithMVVMTests;
			productName = SwiftUIWithMVVMTests;
			productReference = C4F8C10A29A3857500E71662 /* SwiftUIWithMVVMTests.xctest */;
			productType = "com.apple.product-type.bundle.unit-test";
		};
		C4F8C11329A3857500E71662 /* SwiftUIWithMVVMUITests */ = {
			isa = PBXNativeTarget;
			buildConfigurationList = C4F8C12429A3857500E71662 /* Build configuration list for PBXNativeTarget "SwiftUIWithMVVMUITests" */;
			buildPhases = (
				C4F8C11029A3857500E71662 /* Sources */,
				C4F8C11129A3857500E71662 /* Frameworks */,
				C4F8C11229A3857500E71662 /* Resources */,
			);
			buildRules = (
			);
			dependencies = (
				C4F8C11629A3857500E71662 /* PBXTargetDependency */,
			);
			name = SwiftUIWithMVVMUITests;
			productName = SwiftUIWithMVVMUITests;
			productReference = C4F8C11429A3857500E71662 /* SwiftUIWithMVVMUITests.xctest */;
			productType = "com.apple.product-type.bundle.ui-testing";
		};
/* End PBXNativeTarget section */

/* Begin PBXProject section */
		C4F8C0F229A3857400E71662 /* Project object */ = {
			isa = PBXProject;
			attributes = {
				BuildIndependentTargetsInParallel = 1;
				LastSwiftUpdateCheck = 1420;
				LastUpgradeCheck = 1420;
				TargetAttributes = {
					C4F8C0F929A3857400E71662 = {
						CreatedOnToolsVersion = 14.2;
					};
					C4F8C10929A3857500E71662 = {
						CreatedOnToolsVersion = 14.2;
						TestTargetID = C4F8C0F929A3857400E71662;
					};
					C4F8C11329A3857500E71662 = {
						CreatedOnToolsVersion = 14.2;
						TestTargetID = C4F8C0F929A3857400E71662;
					};
				};
			};
			buildConfigurationList = C4F8C0F529A3857400E71662 /* Build configuration list for PBXProject "SwiftUIWithMVVM" */;
			compatibilityVersion = "Xcode 14.0";
			developmentRegion = en;
			hasScannedForEncodings = 0;
			knownRegions = (
				en,
				Base,
			);
			mainGroup = C4F8C0F129A3857400E71662;
			productRefGroup = C4F8C0FB29A3857400E71662 /* Products */;
			projectDirPath = "";
			projectRoot = "";
			targets = (
				C4F8C0F929A3857400E71662 /* SwiftUIWithMVVM */,
				C4F8C10929A3857500E71662 /* SwiftUIWithMVVMTests */,
				C4F8C11329A3857500E71662 /* SwiftUIWithMVVMUITests */,
			);
		};
/* End PBXProject section */

/* Begin PBXResourcesBuildPhase section */
		C4F8C0F829A3857400E71662 /* Resources */ = {
			isa = PBXResourcesBuildPhase;
			buildActionMask = 2147483647;
			files = (
				C4F8C10529A3857500E71662 /* Preview Assets.xcassets in Resources */,
				C4F8C10229A3857500E71662 /* Assets.xcassets in Resources */,
			);
			runOnlyForDeploymentPostprocessing = 0;
		};
		C4F8C10829A3857500E71662 /* Resources */ = {
			isa = PBXResourcesBuildPhase;
			buildActionMask = 2147483647;
			files = (
			);
			runOnlyForDeploymentPostprocessing = 0;
		};
		C4F8C11229A3857500E71662 /* Resources */ = {
			isa = PBXResourcesBuildPhase;
			buildActionMask = 2147483647;
			files = (
			);
			runOnlyForDeploymentPostprocessing = 0;
		};
/* End PBXResourcesBuildPhase section */

/* Begin PBXSourcesBuildPhase section */
		C4F8C0F629A3857400E71662 /* Sources */ = {
			isa = PBXSourcesBuildPhase;
			buildActionMask = 2147483647;
			files = (
				C4F8C10029A3857400E71662 /* ContentView.swift in Sources */,
				C4F8C0FE29A3857400E71662 /* SwiftUIWithMVVMApp.swift in Sources */,
				C4F8C12829A3861100E71662 /* DataTaskView.swift in Sources */,
				C4F8C12A29A3862700E71662 /* DataTaskViewModel.swift in Sources */,
			);
			runOnlyForDeploymentPostprocessing = 0;
		};
		C4F8C10629A3857500E71662 /* Sources */ = {
			isa = PBXSourcesBuildPhase;
			buildActionMask = 2147483647;
			files = (
				C4F8C10F29A3857500E71662 /* SwiftUIWithMVVMTests.swift in Sources */,
			);
			runOnlyForDeploymentPostprocessing = 0;
		};
		C4F8C11029A3857500E71662 /* Sources */ = {
			isa = PBXSourcesBuildPhase;
			buildActionMask = 2147483647;
			files = (
				C4F8C11B29A3857500E71662 /* SwiftUIWithMVVMUITestsLaunchTests.swift in Sources */,
				C4F8C11929A3857500E71662 /* SwiftUIWithMVVMUITests.swift in Sources */,
			);
			runOnlyForDeploymentPostprocessing = 0;
		};
/* End PBXSourcesBuildPhase section */

/* Begin PBXTargetDependency section */
		C4F8C10C29A3857500E71662 /* PBXTargetDependency */ = {
			isa = PBXTargetDependency;
			target = C4F8C0F929A3857400E71662 /* SwiftUIWithMVVM */;
			targetProxy = C4F8C10B29A3857500E71662 /* PBXContainerItemProxy */;
		};
		C4F8C11629A3857500E71662 /* PBXTargetDependency */ = {
			isa = PBXTargetDependency;
			target = C4F8C0F929A3857400E71662 /* SwiftUIWithMVVM */;
			targetProxy = C4F8C11529A3857500E71662 /* PBXContainerItemProxy */;
		};
/* End PBXTargetDependency section */

/* Begin XCBuildConfiguration section */
		C4F8C11C29A3857500E71662 /* Debug */ = {
			isa = XCBuildConfiguration;
			buildSettings = {
				ALWAYS_SEARCH_USER_PATHS = NO;
				CLANG_ANALYZER_NONNULL = YES;
				CLANG_ANALYZER_NUMBER_OBJECT_CONVERSION = YES_AGGRESSIVE;
				CLANG_CXX_LANGUAGE_STANDARD = "gnu++20";
				CLANG_ENABLE_MODULES = YES;
				CLANG_ENABLE_OBJC_ARC = YES;
				CLANG_ENABLE_OBJC_WEAK = YES;
				CLANG_WARN_BLOCK_CAPTURE_AUTORELEASING = YES;
				CLANG_WARN_BOOL_CONVERSION = YES;
				CLANG_WARN_COMMA = YES;
				CLANG_WARN_CONSTANT_CONVERSION = YES;
				CLANG_WARN_DEPRECATED_OBJC_IMPLEMENTATIONS = YES;
				CLANG_WARN_DIRECT_OBJC_ISA_USAGE = YES_ERROR;
				CLANG_WARN_DOCUMENTATION_COMMENTS = YES;
				CLANG_WARN_EMPTY_BODY = YES;
				CLANG_WARN_ENUM_CONVERSION = YES;
				CLANG_WARN_INFINITE_RECURSION = YES;
				CLANG_WARN_INT_CONVERSION = YES;
				CLANG_WARN_NON_LITERAL_NULL_CONVERSION = YES;
				CLANG_WARN_OBJC_IMPLICIT_RETAIN_SELF = YES;
				CLANG_WARN_OBJC_LITERAL_CONVERSION = YES;
				CLANG_WARN_OBJC_ROOT_CLASS = YES_ERROR;
				CLANG_WARN_QUOTED_INCLUDE_IN_FRAMEWORK_HEADER = YES;
				CLANG_WARN_RANGE_LOOP_ANALYSIS = YES;
				CLANG_WARN_STRICT_PROTOTYPES = YES;
				CLANG_WARN_SUSPICIOUS_MOVE = YES;
				CLANG_WARN_UNGUARDED_AVAILABILITY = YES_AGGRESSIVE;
				CLANG_WARN_UNREACHABLE_CODE = YES;
				CLANG_WARN__DUPLICATE_METHOD_MATCH = YES;
				COPY_PHASE_STRIP = NO;
				DEBUG_INFORMATION_FORMAT = dwarf;
				ENABLE_STRICT_OBJC_MSGSEND = YES;
				ENABLE_TESTABILITY = YES;
				GCC_C_LANGUAGE_STANDARD = gnu11;
				GCC_DYNAMIC_NO_PIC = NO;
				GCC_NO_COMMON_BLOCKS = YES;
				GCC_OPTIMIZATION_LEVEL = 0;
				GCC_PREPROCESSOR_DEFINITIONS = (
					"DEBUG=1",
					"$(inherited)",
				);
				GCC_WARN_64_TO_32_BIT_CONVERSION = YES;
				GCC_WARN_ABOUT_RETURN_TYPE = YES_ERROR;
				GCC_WARN_UNDECLARED_SELECTOR = YES;
				GCC_WARN_UNINITIALIZED_AUTOS = YES_AGGRESSIVE;
				GCC_WARN_UNUSED_FUNCTION = YES;
				GCC_WARN_UNUSED_VARIABLE = YES;
				IPHONEOS_DEPLOYMENT_TARGET = 16.2;
				MTL_ENABLE_DEBUG_INFO = INCLUDE_SOURCE;
				MTL_FAST_MATH = YES;
				ONLY_ACTIVE_ARCH = YES;
				SDKROOT = iphoneos;
				SWIFT_ACTIVE_COMPILATION_CONDITIONS = DEBUG;
				SWIFT_OPTIMIZATION_LEVEL = "-Onone";
			};
			name = Debug;
		};
		C4F8C11D29A3857500E71662 /* Release */ = {
			isa = XCBuildConfiguration;
			buildSettings = {
				ALWAYS_SEARCH_USER_PATHS = NO;
				CLANG_ANALYZER_NONNULL = YES;
				CLANG_ANALYZER_NUMBER_OBJECT_CONVERSION = YES_AGGRESSIVE;
				CLANG_CXX_LANGUAGE_STANDARD = "gnu++20";
				CLANG_ENABLE_MODULES = YES;
				CLANG_ENABLE_OBJC_ARC = YES;
				CLANG_ENABLE_OBJC_WEAK = YES;
				CLANG_WARN_BLOCK_CAPTURE_AUTORELEASING = YES;
				CLANG_WARN_BOOL_CONVERSION = YES;
				CLANG_WARN_COMMA = YES;
				CLANG_WARN_CONSTANT_CONVERSION = YES;
				CLANG_WARN_DEPRECATED_OBJC_IMPLEMENTATIONS = YES;
				CLANG_WARN_DIRECT_OBJC_ISA_USAGE = YES_ERROR;
				CLANG_WARN_DOCUMENTATION_COMMENTS = YES;
				CLANG_WARN_EMPTY_BODY = YES;
				CLANG_WARN_ENUM_CONVERSION = YES;
				CLANG_WARN_INFINITE_RECURSION = YES;
				CLANG_WARN_INT_CONVERSION = YES;
				CLANG_WARN_NON_LITERAL_NULL_CONVERSION = YES;
				CLANG_WARN_OBJC_IMPLICIT_RETAIN_SELF = YES;
				CLANG_WARN_OBJC_LITERAL_CONVERSION = YES;
				CLANG_WARN_OBJC_ROOT_CLASS = YES_ERROR;
				CLANG_WARN_QUOTED_INCLUDE_IN_FRAMEWORK_HEADER = YES;
				CLANG_WARN_RANGE_LOOP_ANALYSIS = YES;
				CLANG_WARN_STRICT_PROTOTYPES = YES;
				CLANG_WARN_SUSPICIOUS_MOVE = YES;
				CLANG_WARN_UNGUARDED_AVAILABILITY = YES_AGGRESSIVE;
				CLANG_WARN_UNREACHABLE_CODE = YES;
				CLANG_WARN__DUPLICATE_METHOD_MATCH = YES;
				COPY_PHASE_STRIP = NO;
				DEBUG_INFORMATION_FORMAT = "dwarf-with-dsym";
				ENABLE_NS_ASSERTIONS = NO;
				ENABLE_STRICT_OBJC_MSGSEND = YES;
				GCC_C_LANGUAGE_STANDARD = gnu11;
				GCC_NO_COMMON_BLOCKS = YES;
				GCC_WARN_64_TO_32_BIT_CONVERSION = YES;
				GCC_WARN_ABOUT_RETURN_TYPE = YES_ERROR;
				GCC_WARN_UNDECLARED_SELECTOR = YES;
				GCC_WARN_UNINITIALIZED_AUTOS = YES_AGGRESSIVE;
				GCC_WARN_UNUSED_FUNCTION = YES;
				GCC_WARN_UNUSED_VARIABLE = YES;
				IPHONEOS_DEPLOYMENT_TARGET = 16.2;
				MTL_ENABLE_DEBUG_INFO = NO;
				MTL_FAST_MATH = YES;
				SDKROOT = iphoneos;
				SWIFT_COMPILATION_MODE = wholemodule;
				SWIFT_OPTIMIZATION_LEVEL = "-O";
				VALIDATE_PRODUCT = YES;
			};
			name = Release;
		};
		C4F8C11F29A3857500E71662 /* Debug */ = {
			isa = XCBuildConfiguration;
			buildSettings = {
				ASSETCATALOG_COMPILER_APPICON_NAME = AppIcon;
				ASSETCATALOG_COMPILER_GLOBAL_ACCENT_COLOR_NAME = AccentColor;
				CODE_SIGN_STYLE = Automatic;
				CURRENT_PROJECT_VERSION = 1;
				DEVELOPMENT_ASSET_PATHS = "\"SwiftUIWithMVVM/Preview Content\"";
				ENABLE_PREVIEWS = YES;
				GENERATE_INFOPLIST_FILE = YES;
				INFOPLIST_KEY_UIApplicationSceneManifest_Generation = YES;
				INFOPLIST_KEY_UIApplicationSupportsIndirectInputEvents = YES;
				INFOPLIST_KEY_UILaunchScreen_Generation = YES;
				INFOPLIST_KEY_UISupportedInterfaceOrientations_iPad = "UIInterfaceOrientationPortrait UIInterfaceOrientationPortraitUpsideDown UIInterfaceOrientationLandscapeLeft UIInterfaceOrientationLandscapeRight";
				INFOPLIST_KEY_UISupportedInterfaceOrientations_iPhone = "UIInterfaceOrientationPortrait UIInterfaceOrientationLandscapeLeft UIInterfaceOrientationLandscapeRight";
				LD_RUNPATH_SEARCH_PATHS = (
					"$(inherited)",
					"@executable_path/Frameworks",
				);
				MARKETING_VERSION = 1.0;
				PRODUCT_BUNDLE_IDENTIFIER = com.hoonwoo.SwiftUIWithMVVM;
				PRODUCT_NAME = "$(TARGET_NAME)";
				SWIFT_EMIT_LOC_STRINGS = YES;
				SWIFT_VERSION = 5.0;
				TARGETED_DEVICE_FAMILY = "1,2";
			};
			name = Debug;
		};
		C4F8C12029A3857500E71662 /* Release */ = {
			isa = XCBuildConfiguration;
			buildSettings = {
				ASSETCATALOG_COMPILER_APPICON_NAME = AppIcon;
				ASSETCATALOG_COMPILER_GLOBAL_ACCENT_COLOR_NAME = AccentColor;
				CODE_SIGN_STYLE = Automatic;
				CURRENT_PROJECT_VERSION = 1;
				DEVELOPMENT_ASSET_PATHS = "\"SwiftUIWithMVVM/Preview Content\"";
				ENABLE_PREVIEWS = YES;
				GENERATE_INFOPLIST_FILE = YES;
				INFOPLIST_KEY_UIApplicationSceneManifest_Generation = YES;
				INFOPLIST_KEY_UIApplicationSupportsIndirectInputEvents = YES;
				INFOPLIST_KEY_UILaunchScreen_Generation = YES;
				INFOPLIST_KEY_UISupportedInterfaceOrientations_iPad = "UIInterfaceOrientationPortrait UIInterfaceOrientationPortraitUpsideDown UIInterfaceOrientationLandscapeLeft UIInterfaceOrientationLandscapeRight";
				INFOPLIST_KEY_UISupportedInterfaceOrientations_iPhone = "UIInterfaceOrientationPortrait UIInterfaceOrientationLandscapeLeft UIInterfaceOrientationLandscapeRight";
				LD_RUNPATH_SEARCH_PATHS = (
					"$(inherited)",
					"@executable_path/Frameworks",
				);
				MARKETING_VERSION = 1.0;
				PRODUCT_BUNDLE_IDENTIFIER = com.hoonwoo.SwiftUIWithMVVM;
				PRODUCT_NAME = "$(TARGET_NAME)";
				SWIFT_EMIT_LOC_STRINGS = YES;
				SWIFT_VERSION = 5.0;
				TARGETED_DEVICE_FAMILY = "1,2";
			};
			name = Release;
		};
		C4F8C12229A3857500E71662 /* Debug */ = {
			isa = XCBuildConfiguration;
			buildSettings = {
				ALWAYS_EMBED_SWIFT_STANDARD_LIBRARIES = YES;
				BUNDLE_LOADER = "$(TEST_HOST)";
				CODE_SIGN_STYLE = Automatic;
				CURRENT_PROJECT_VERSION = 1;
				GENERATE_INFOPLIST_FILE = YES;
				IPHONEOS_DEPLOYMENT_TARGET = 16.2;
				MARKETING_VERSION = 1.0;
				PRODUCT_BUNDLE_IDENTIFIER = com.hoonwoo.SwiftUIWithMVVMTests;
				PRODUCT_NAME = "$(TARGET_NAME)";
				SWIFT_EMIT_LOC_STRINGS = NO;
				SWIFT_VERSION = 5.0;
				TARGETED_DEVICE_FAMILY = "1,2";
				TEST_HOST = "$(BUILT_PRODUCTS_DIR)/SwiftUIWithMVVM.app/$(BUNDLE_EXECUTABLE_FOLDER_PATH)/SwiftUIWithMVVM";
			};
			name = Debug;
		};
		C4F8C12329A3857500E71662 /* Release */ = {
			isa = XCBuildConfiguration;
			buildSettings = {
				ALWAYS_EMBED_SWIFT_STANDARD_LIBRARIES = YES;
				BUNDLE_LOADER = "$(TEST_HOST)";
				CODE_SIGN_STYLE = Automatic;
				CURRENT_PROJECT_VERSION = 1;
				GENERATE_INFOPLIST_FILE = YES;
				IPHONEOS_DEPLOYMENT_TARGET = 16.2;
				MARKETING_VERSION = 1.0;
				PRODUCT_BUNDLE_IDENTIFIER = com.hoonwoo.SwiftUIWithMVVMTests;
				PRODUCT_NAME = "$(TARGET_NAME)";
				SWIFT_EMIT_LOC_STRINGS = NO;
				SWIFT_VERSION = 5.0;
				TARGETED_DEVICE_FAMILY = "1,2";
				TEST_HOST = "$(BUILT_PRODUCTS_DIR)/SwiftUIWithMVVM.app/$(BUNDLE_EXECUTABLE_FOLDER_PATH)/SwiftUIWithMVVM";
			};
			name = Release;
		};
		C4F8C12529A3857500E71662 /* Debug */ = {
			isa = XCBuildConfiguration;
			buildSettings = {
				ALWAYS_EMBED_SWIFT_STANDARD_LIBRARIES = YES;
				CODE_SIGN_STYLE = Automatic;
				CURRENT_PROJECT_VERSION = 1;
				GENERATE_INFOPLIST_FILE = YES;
				MARKETING_VERSION = 1.0;
				PRODUCT_BUNDLE_IDENTIFIER = com.hoonwoo.SwiftUIWithMVVMUITests;
				PRODUCT_NAME = "$(TARGET_NAME)";
				SWIFT_EMIT_LOC_STRINGS = NO;
				SWIFT_VERSION = 5.0;
				TARGETED_DEVICE_FAMILY = "1,2";
				TEST_TARGET_NAME = SwiftUIWithMVVM;
			};
			name = Debug;
		};
		C4F8C12629A3857500E71662 /* Release */ = {
			isa = XCBuildConfiguration;
			buildSettings = {
				ALWAYS_EMBED_SWIFT_STANDARD_LIBRARIES = YES;
				CODE_SIGN_STYLE = Automatic;
				CURRENT_PROJECT_VERSION = 1;
				GENERATE_INFOPLIST_FILE = YES;
				MARKETING_VERSION = 1.0;
				PRODUCT_BUNDLE_IDENTIFIER = com.hoonwoo.SwiftUIWithMVVMUITests;
				PRODUCT_NAME = "$(TARGET_NAME)";
				SWIFT_EMIT_LOC_STRINGS = NO;
				SWIFT_VERSION = 5.0;
				TARGETED_DEVICE_FAMILY = "1,2";
				TEST_TARGET_NAME = SwiftUIWithMVVM;
			};
			name = Release;
		};
/* End XCBuildConfiguration section */

/* Begin XCConfigurationList section */
		C4F8C0F529A3857400E71662 /* Build configuration list for PBXProject "SwiftUIWithMVVM" */ = {
			isa = XCConfigurationList;
			buildConfigurations = (
				C4F8C11C29A3857500E71662 /* Debug */,
				C4F8C11D29A3857500E71662 /* Release */,
			);
			defaultConfigurationIsVisible = 0;
			defaultConfigurationName = Release;
		};
		C4F8C11E29A3857500E71662 /* Build configuration list for PBXNativeTarget "SwiftUIWithMVVM" */ = {
			isa = XCConfigurationList;
			buildConfigurations = (
				C4F8C11F29A3857500E71662 /* Debug */,
				C4F8C12029A3857500E71662 /* Release */,
			);
			defaultConfigurationIsVisible = 0;
			defaultConfigurationName = Release;
		};
		C4F8C12129A3857500E71662 /* Build configuration list for PBXNativeTarget "SwiftUIWithMVVMTests" */ = {
			isa = XCConfigurationList;
			buildConfigurations = (
				C4F8C12229A3857500E71662 /* Debug */,
				C4F8C12329A3857500E71662 /* Release */,
			);
			defaultConfigurationIsVisible = 0;
			defaultConfigurationName = Release;
		};
		C4F8C12429A3857500E71662 /* Build configuration list for PBXNativeTarget "SwiftUIWithMVVMUITests" */ = {
			isa = XCConfigurationList;
			buildConfigurations = (
				C4F8C12529A3857500E71662 /* Debug */,
				C4F8C12629A3857500E71662 /* Release */,
			);
			defaultConfigurationIsVisible = 0;
			defaultConfigurationName = Release;
		};
/* End XCConfigurationList section */
	};
	rootObject = C4F8C0F229A3857400E71662 /* Project object */;
}
